
Microsoft Visual Studio Solution File, Format Version 12.00
# Visual Studio Version 17
VisualStudioVersion = 17.5.002.0
MinimumVisualStudioVersion = 10.0.40219.1
Project("{9A19103F-16F7-4668-BE54-9A1E7A4F7556}") = "TodoList", "TodoList.csproj", "{510B5AD9-1494-4AFC-A350-D7D3071F7E16}"
EndProject
Global
	GlobalSection(SolutionConfigurationPlatforms) = preSolution
		Debug|Any CPU = Debug|Any CPU
		Release|Any CPU = Release|Any CPU
	EndGlobalSection
	GlobalSection(ProjectConfigurationPlatforms) = postSolution
		{510B5AD9-1494-4AFC-A350-D7D3071F7E16}.Debug|Any CPU.ActiveCfg = Debug|Any CPU
		{510B5AD9-1494-4AFC-A350-D7D3071F7E16}.Debug|Any CPU.Build.0 = Debug|Any CPU
		{510B5AD9-1494-4AFC-A350-D7D3071F7E16}.Release|Any CPU.ActiveCfg = Release|Any CPU
		{510B5AD9-1494-4AFC-A350-D7D3071F7E16}.Release|Any CPU.Build.0 = Release|Any CPU
	EndGlobalSection
	GlobalSection(SolutionProperties) = preSolution
		HideSolutionNode = FALSE
	EndGlobalSection
	GlobalSection(ExtensibilityGlobals) = postSolution
		SolutionGuid = {A37A3B82-B94A-4C41-A52D-FE84FB273B4B}
	EndGlobalSection
EndGlobal
